
Microsoft Visual Studio Solution File, Format Version 12.00
# Visual Studio Version 16
VisualStudioVersion = 16.0.29102.190
MinimumVisualStudioVersion = 10.0.40219.1
Project("{FAE04EC0-301F-11D3-BF4B-00C04F79EFBC}") = "IsracardApp", "IsracardApp\IsracardApp.csproj", "{4D0964A8-71B1-489D-96F0-19D15A7C117E}"
EndProject
Global
	GlobalSection(SolutionConfigurationPlatforms) = preSolution
		Debug|Any CPU = Debug|Any CPU
		Release|Any CPU = Release|Any CPU
	EndGlobalSection
	GlobalSection(ProjectConfigurationPlatforms) = postSolution
		{4D0964A8-71B1-489D-96F0-19D15A7C117E}.Debug|Any CPU.ActiveCfg = Debug|Any CPU
		{4D0964A8-71B1-489D-96F0-19D15A7C117E}.Debug|Any CPU.Build.0 = Debug|Any CPU
		{4D0964A8-71B1-489D-96F0-19D15A7C117E}.Release|Any CPU.ActiveCfg = Release|Any CPU
		{4D0964A8-71B1-489D-96F0-19D15A7C117E}.Release|Any CPU.Build.0 = Release|Any CPU
	EndGlobalSection
	GlobalSection(SolutionProperties) = preSolution
		HideSolutionNode = FALSE
	EndGlobalSection
	GlobalSection(ExtensibilityGlobals) = postSolution
		SolutionGuid = {EA36E582-92BB-47E4-B50B-C1EA8E7740C9}
	EndGlobalSection
EndGlobal
